
Microsoft Visual Studio Solution File, Format Version 12.00
# Visual Studio 2012
Project("{FAE04EC0-301F-11D3-BF4B-00C04F79EFBC}") = "ServerApp", "SmartServer\ServerApp.csproj", "{EEB1D46C-6BCF-4B3E-A489-63A087EBD88B}"
EndProject
Project("{FAE04EC0-301F-11D3-BF4B-00C04F79EFBC}") = "DbfDotNet", "..\..\DbfDotNet_version_1.0_Source\DbfDotNet version 1.0 Source\DbfDotNet\DbfDotNet\DbfDotNet.csproj", "{8293438E-A818-40A1-9B3F-3DCE958D3D05}"
EndProject
Project("{FAE04EC0-301F-11D3-BF4B-00C04F79EFBC}") = "DbfDotNet.Linq", "..\..\DbfDotNet_version_1.0_Source\DbfDotNet version 1.0 Source\DbfDotNet\DbfDotNet.Linq\DbfDotNet.Linq.csproj", "{C23946C0-FFE4-42CA-BA4D-2B51B75B0910}"
EndProject
Project("{FAE04EC0-301F-11D3-BF4B-00C04F79EFBC}") = "DemoApplication1", "..\..\DbfDotNet_version_1.0_Source\DbfDotNet version 1.0 Source\DbfDotNet\DemoApplication1\DemoApplication1.csproj", "{C5F9712A-839E-4D0D-BB6B-8220373E38C0}"
EndProject
Project("{FAE04EC0-301F-11D3-BF4B-00C04F79EFBC}") = "DbfTools", "DbfTools\DbfTools.csproj", "{32D69C61-6F86-45E9-99CA-289DA02DBEAB}"
EndProject
Project("{54435603-DBB4-11D2-8724-00A0C9A8B90C}") = "ServerSetup", "MultiShop\MultiShop.vdproj", "{2A8E1367-4321-492C-8F78-E9B61D98E018}"
EndProject
Project("{FAE04EC0-301F-11D3-BF4B-00C04F79EFBC}") = "StoreApp", "MSClient\StoreApp.csproj", "{07DC68B8-07BB-4582-9353-AB645E5AF794}"
EndProject
Project("{FAE04EC0-301F-11D3-BF4B-00C04F79EFBC}") = "SaleApp", "SaleApp\SaleApp.csproj", "{B95EC2C9-DE83-4A2B-BC27-DFA58088A2EE}"
EndProject
Project("{FAE04EC0-301F-11D3-BF4B-00C04F79EFBC}") = "MTSHService", "MTSHService\MTSHService.csproj", "{E4B0DCD8-5FDB-4263-9DC5-D5D3C55C011F}"
EndProject
Project("{FAE04EC0-301F-11D3-BF4B-00C04F79EFBC}") = "TestProject1", "TestProject1\TestProject1.csproj", "{6E7D0EE5-4C91-4678-8F6D-F5D04C3A9A45}"
EndProject
Project("{FAE04EC0-301F-11D3-BF4B-00C04F79EFBC}") = "SmartLib", "SmartLib.cs\SmartLib.csproj", "{35EECE03-F173-4ABE-ACCE-5BB321037DB0}"
EndProject
Project("{54435603-DBB4-11D2-8724-00A0C9A8B90C}") = "StoreSetup", "StoreSetup\StoreSetup.vdproj", "{C876B100-C025-4527-9FEF-2F0FEECF8452}"
EndProject
Global
	GlobalSection(SolutionConfigurationPlatforms) = preSolution
		Debug|Any CPU = Debug|Any CPU
		Debug|Mixed Platforms = Debug|Mixed Platforms
		Debug|x86 = Debug|x86
		Release|Any CPU = Release|Any CPU
		Release|Mixed Platforms = Release|Mixed Platforms
		Release|x86 = Release|x86
	EndGlobalSection
	GlobalSection(ProjectConfigurationPlatforms) = postSolution
		{EEB1D46C-6BCF-4B3E-A489-63A087EBD88B}.Debug|Any CPU.ActiveCfg = Debug|Any CPU
		{EEB1D46C-6BCF-4B3E-A489-63A087EBD88B}.Debug|Any CPU.Build.0 = Debug|Any CPU
		{EEB1D46C-6BCF-4B3E-A489-63A087EBD88B}.Debug|Mixed Platforms.ActiveCfg = Debug|Any CPU
		{EEB1D46C-6BCF-4B3E-A489-63A087EBD88B}.Debug|x86.ActiveCfg = Debug|Any CPU
		{EEB1D46C-6BCF-4B3E-A489-63A087EBD88B}.Release|Any CPU.ActiveCfg = Release|Any CPU
		{EEB1D46C-6BCF-4B3E-A489-63A087EBD88B}.Release|Any CPU.Build.0 = Release|Any CPU
		{EEB1D46C-6BCF-4B3E-A489-63A087EBD88B}.Release|Mixed Platforms.ActiveCfg = Release|Any CPU
		{EEB1D46C-6BCF-4B3E-A489-63A087EBD88B}.Release|Mixed Platforms.Build.0 = Release|Any CPU
		{EEB1D46C-6BCF-4B3E-A489-63A087EBD88B}.Release|x86.ActiveCfg = Release|Any CPU
		{8293438E-A818-40A1-9B3F-3DCE958D3D05}.Debug|Any CPU.ActiveCfg = Debug|Any CPU
		{8293438E-A818-40A1-9B3F-3DCE958D3D05}.Debug|Any CPU.Build.0 = Debug|Any CPU
		{8293438E-A818-40A1-9B3F-3DCE958D3D05}.Debug|Mixed Platforms.ActiveCfg = Debug|x86
		{8293438E-A818-40A1-9B3F-3DCE958D3D05}.Debug|Mixed Platforms.Build.0 = Debug|x86
		{8293438E-A818-40A1-9B3F-3DCE958D3D05}.Debug|x86.ActiveCfg = Debug|x86
		{8293438E-A818-40A1-9B3F-3DCE958D3D05}.Debug|x86.Build.0 = Debug|x86
		{8293438E-A818-40A1-9B3F-3DCE958D3D05}.Release|Any CPU.ActiveCfg = Release|Any CPU
		{8293438E-A818-40A1-9B3F-3DCE958D3D05}.Release|Any CPU.Build.0 = Release|Any CPU
		{8293438E-A818-40A1-9B3F-3DCE958D3D05}.Release|Mixed Platforms.ActiveCfg = Release|x86
		{8293438E-A818-40A1-9B3F-3DCE958D3D05}.Release|Mixed Platforms.Build.0 = Release|x86
		{8293438E-A818-40A1-9B3F-3DCE958D3D05}.Release|x86.ActiveCfg = Release|x86
		{8293438E-A818-40A1-9B3F-3DCE958D3D05}.Release|x86.Build.0 = Release|x86
		{C23946C0-FFE4-42CA-BA4D-2B51B75B0910}.Debug|Any CPU.ActiveCfg = Debug|Any CPU
		{C23946C0-FFE4-42CA-BA4D-2B51B75B0910}.Debug|Any CPU.Build.0 = Debug|Any CPU
		{C23946C0-FFE4-42CA-BA4D-2B51B75B0910}.Debug|Mixed Platforms.ActiveCfg = Debug|Any CPU
		{C23946C0-FFE4-42CA-BA4D-2B51B75B0910}.Debug|Mixed Platforms.Build.0 = Debug|Any CPU
		{C23946C0-FFE4-42CA-BA4D-2B51B75B0910}.Debug|x86.ActiveCfg = Debug|Any CPU
		{C23946C0-FFE4-42CA-BA4D-2B51B75B0910}.Release|Any CPU.ActiveCfg = Release|Any CPU
		{C23946C0-FFE4-42CA-BA4D-2B51B75B0910}.Release|Any CPU.Build.0 = Release|Any CPU
		{C23946C0-FFE4-42CA-BA4D-2B51B75B0910}.Release|Mixed Platforms.ActiveCfg = Release|Any CPU
		{C23946C0-FFE4-42CA-BA4D-2B51B75B0910}.Release|Mixed Platforms.Build.0 = Release|Any CPU
		{C23946C0-FFE4-42CA-BA4D-2B51B75B0910}.Release|x86.ActiveCfg = Release|Any CPU
		{C5F9712A-839E-4D0D-BB6B-8220373E38C0}.Debug|Any CPU.ActiveCfg = Debug|Any CPU
		{C5F9712A-839E-4D0D-BB6B-8220373E38C0}.Debug|Any CPU.Build.0 = Debug|Any CPU
		{C5F9712A-839E-4D0D-BB6B-8220373E38C0}.Debug|Mixed Platforms.ActiveCfg = Debug|Any CPU
		{C5F9712A-839E-4D0D-BB6B-8220373E38C0}.Debug|x86.ActiveCfg = Debug|Any CPU
		{C5F9712A-839E-4D0D-BB6B-8220373E38C0}.Release|Any CPU.ActiveCfg = Release|Any CPU
		{C5F9712A-839E-4D0D-BB6B-8220373E38C0}.Release|Any CPU.Build.0 = Release|Any CPU
		{C5F9712A-839E-4D0D-BB6B-8220373E38C0}.Release|Mixed Platforms.ActiveCfg = Release|Any CPU
		{C5F9712A-839E-4D0D-BB6B-8220373E38C0}.Release|Mixed Platforms.Build.0 = Release|Any CPU
		{C5F9712A-839E-4D0D-BB6B-8220373E38C0}.Release|x86.ActiveCfg = Release|Any CPU
		{32D69C61-6F86-45E9-99CA-289DA02DBEAB}.Debug|Any CPU.ActiveCfg = Debug|Any CPU
		{32D69C61-6F86-45E9-99CA-289DA02DBEAB}.Debug|Any CPU.Build.0 = Debug|Any CPU
		{32D69C61-6F86-45E9-99CA-289DA02DBEAB}.Debug|Mixed Platforms.ActiveCfg = Debug|Any CPU
		{32D69C61-6F86-45E9-99CA-289DA02DBEAB}.Debug|x86.ActiveCfg = Debug|Any CPU
		{32D69C61-6F86-45E9-99CA-289DA02DBEAB}.Release|Any CPU.ActiveCfg = Release|Any CPU
		{32D69C61-6F86-45E9-99CA-289DA02DBEAB}.Release|Any CPU.Build.0 = Release|Any CPU
		{32D69C61-6F86-45E9-99CA-289DA02DBEAB}.Release|Mixed Platforms.ActiveCfg = Release|Any CPU
		{32D69C61-6F86-45E9-99CA-289DA02DBEAB}.Release|Mixed Platforms.Build.0 = Release|Any CPU
		{32D69C61-6F86-45E9-99CA-289DA02DBEAB}.Release|x86.ActiveCfg = Release|Any CPU
		{2A8E1367-4321-492C-8F78-E9B61D98E018}.Debug|Any CPU.ActiveCfg = Debug
		{2A8E1367-4321-492C-8F78-E9B61D98E018}.Debug|Mixed Platforms.ActiveCfg = Debug
		{2A8E1367-4321-492C-8F78-E9B61D98E018}.Debug|x86.ActiveCfg = Debug
		{2A8E1367-4321-492C-8F78-E9B61D98E018}.Release|Any CPU.ActiveCfg = Release
		{2A8E1367-4321-492C-8F78-E9B61D98E018}.Release|Mixed Platforms.ActiveCfg = Release
		{2A8E1367-4321-492C-8F78-E9B61D98E018}.Release|x86.ActiveCfg = Release
		{07DC68B8-07BB-4582-9353-AB645E5AF794}.Debug|Any CPU.ActiveCfg = Debug|Any CPU
		{07DC68B8-07BB-4582-9353-AB645E5AF794}.Debug|Any CPU.Build.0 = Debug|Any CPU
		{07DC68B8-07BB-4582-9353-AB645E5AF794}.Debug|Mixed Platforms.ActiveCfg = Debug|Any CPU
		{07DC68B8-07BB-4582-9353-AB645E5AF794}.Debug|Mixed Platforms.Build.0 = Debug|Any CPU
		{07DC68B8-07BB-4582-9353-AB645E5AF794}.Debug|x86.ActiveCfg = Debug|Any CPU
		{07DC68B8-07BB-4582-9353-AB645E5AF794}.Release|Any CPU.ActiveCfg = Release|Any CPU
		{07DC68B8-07BB-4582-9353-AB645E5AF794}.Release|Any CPU.Build.0 = Release|Any CPU
		{07DC68B8-07BB-4582-9353-AB645E5AF794}.Release|Mixed Platforms.ActiveCfg = Release|Any CPU
		{07DC68B8-07BB-4582-9353-AB645E5AF794}.Release|Mixed Platforms.Build.0 = Release|Any CPU
		{07DC68B8-07BB-4582-9353-AB645E5AF794}.Release|x86.ActiveCfg = Release|Any CPU
		{B95EC2C9-DE83-4A2B-BC27-DFA58088A2EE}.Debug|Any CPU.ActiveCfg = Debug|Any CPU
		{B95EC2C9-DE83-4A2B-BC27-DFA58088A2EE}.Debug|Any CPU.Build.0 = Debug|Any CPU
		{B95EC2C9-DE83-4A2B-BC27-DFA58088A2EE}.Debug|Mixed Platforms.ActiveCfg = Debug|Any CPU
		{B95EC2C9-DE83-4A2B-BC27-DFA58088A2EE}.Debug|x86.ActiveCfg = Debug|Any CPU
		{B95EC2C9-DE83-4A2B-BC27-DFA58088A2EE}.Release|Any CPU.ActiveCfg = Release|Any CPU
		{B95EC2C9-DE83-4A2B-BC27-DFA58088A2EE}.Release|Any CPU.Build.0 = Release|Any CPU
		{B95EC2C9-DE83-4A2B-BC27-DFA58088A2EE}.Release|Mixed Platforms.ActiveCfg = Release|Any CPU
		{B95EC2C9-DE83-4A2B-BC27-DFA58088A2EE}.Release|Mixed Platforms.Build.0 = Release|Any CPU
		{B95EC2C9-DE83-4A2B-BC27-DFA58088A2EE}.Release|x86.ActiveCfg = Release|Any CPU
		{E4B0DCD8-5FDB-4263-9DC5-D5D3C55C011F}.Debug|Any CPU.ActiveCfg = Debug|x86
		{E4B0DCD8-5FDB-4263-9DC5-D5D3C55C011F}.Debug|Mixed Platforms.ActiveCfg = Debug|x86
		{E4B0DCD8-5FDB-4263-9DC5-D5D3C55C011F}.Debug|x86.ActiveCfg = Debug|x86
		{E4B0DCD8-5FDB-4263-9DC5-D5D3C55C011F}.Debug|x86.Build.0 = Debug|x86
		{E4B0DCD8-5FDB-4263-9DC5-D5D3C55C011F}.Release|Any CPU.ActiveCfg = Release|x86
		{E4B0DCD8-5FDB-4263-9DC5-D5D3C55C011F}.Release|Mixed Platforms.ActiveCfg = Release|x86
		{E4B0DCD8-5FDB-4263-9DC5-D5D3C55C011F}.Release|Mixed Platforms.Build.0 = Release|x86
		{E4B0DCD8-5FDB-4263-9DC5-D5D3C55C011F}.Release|x86.ActiveCfg = Release|x86
		{E4B0DCD8-5FDB-4263-9DC5-D5D3C55C011F}.Release|x86.Build.0 = Release|x86
		{6E7D0EE5-4C91-4678-8F6D-F5D04C3A9A45}.Debug|Any CPU.ActiveCfg = Debug|Any CPU
		{6E7D0EE5-4C91-4678-8F6D-F5D04C3A9A45}.Debug|Any CPU.Build.0 = Debug|Any CPU
		{6E7D0EE5-4C91-4678-8F6D-F5D04C3A9A45}.Debug|Mixed Platforms.ActiveCfg = Debug|Any CPU
		{6E7D0EE5-4C91-4678-8F6D-F5D04C3A9A45}.Debug|x86.ActiveCfg = Debug|Any CPU
		{6E7D0EE5-4C91-4678-8F6D-F5D04C3A9A45}.Release|Any CPU.ActiveCfg = Release|Any CPU
		{6E7D0EE5-4C91-4678-8F6D-F5D04C3A9A45}.Release|Any CPU.Build.0 = Release|Any CPU
		{6E7D0EE5-4C91-4678-8F6D-F5D04C3A9A45}.Release|Mixed Platforms.ActiveCfg = Release|Any CPU
		{6E7D0EE5-4C91-4678-8F6D-F5D04C3A9A45}.Release|Mixed Platforms.Build.0 = Release|Any CPU
		{6E7D0EE5-4C91-4678-8F6D-F5D04C3A9A45}.Release|x86.ActiveCfg = Release|Any CPU
		{35EECE03-F173-4ABE-ACCE-5BB321037DB0}.Debug|Any CPU.ActiveCfg = Debug|Any CPU
		{35EECE03-F173-4ABE-ACCE-5BB321037DB0}.Debug|Any CPU.Build.0 = Debug|Any CPU
		{35EECE03-F173-4ABE-ACCE-5BB321037DB0}.Debug|Mixed Platforms.ActiveCfg = Debug|Any CPU
		{35EECE03-F173-4ABE-ACCE-5BB321037DB0}.Debug|Mixed Platforms.Build.0 = Debug|Any CPU
		{35EECE03-F173-4ABE-ACCE-5BB321037DB0}.Debug|x86.ActiveCfg = Debug|Any CPU
		{35EECE03-F173-4ABE-ACCE-5BB321037DB0}.Release|Any CPU.ActiveCfg = Release|Any CPU
		{35EECE03-F173-4ABE-ACCE-5BB321037DB0}.Release|Any CPU.Build.0 = Release|Any CPU
		{35EECE03-F173-4ABE-ACCE-5BB321037DB0}.Release|Mixed Platforms.ActiveCfg = Release|Any CPU
		{35EECE03-F173-4ABE-ACCE-5BB321037DB0}.Release|Mixed Platforms.Build.0 = Release|Any CPU
		{35EECE03-F173-4ABE-ACCE-5BB321037DB0}.Release|x86.ActiveCfg = Release|Any CPU
		{C876B100-C025-4527-9FEF-2F0FEECF8452}.Debug|Any CPU.ActiveCfg = Debug
		{C876B100-C025-4527-9FEF-2F0FEECF8452}.Debug|Mixed Platforms.ActiveCfg = Debug
		{C876B100-C025-4527-9FEF-2F0FEECF8452}.Debug|x86.ActiveCfg = Debug
		{C876B100-C025-4527-9FEF-2F0FEECF8452}.Release|Any CPU.ActiveCfg = Release
		{C876B100-C025-4527-9FEF-2F0FEECF8452}.Release|Mixed Platforms.ActiveCfg = Release
		{C876B100-C025-4527-9FEF-2F0FEECF8452}.Release|x86.ActiveCfg = Release
	EndGlobalSection
	GlobalSection(SolutionProperties) = preSolution
		HideSolutionNode = FALSE
	EndGlobalSection
EndGlobal
